
Microsoft Visual Studio Solution File, Format Version 12.00
# Visual Studio Version 16
VisualStudioVersion = 16.0.29326.143
MinimumVisualStudioVersion = 10.0.40219.1
Project("{8BC9CEB8-8B4A-11D0-8D11-00A0C91BC942}") = "easyprospect-web", "easyprospect-web.vcxproj", "{1E3BE921-AB36-49F7-980B-CDE7CC3DBF61}"
EndProject
Project("{2150E333-8FDC-42A3-9474-1A3956D46DE8}") = "_solution_items", "_solution_items", "{D9F48611-0E4E-4056-A78D-A2AA23FFA502}"
	ProjectSection(SolutionItems) = preProject
		.clang-format = .clang-format
		.editorconfig = .editorconfig
		tools\buildmsvs01.ps1 = tools\buildmsvs01.ps1
		tools\gentests\gentests-linux.sh = tools\gentests\gentests-linux.sh
		tools\pushwin01.sh = tools\pushwin01.sh
	EndProjectSection
EndProject
Project("{8BC9CEB8-8B4A-11D0-8D11-00A0C91BC942}") = "easyprospect-config", "easyprospect-config.vcxproj", "{3EF75984-9598-49D6-B4DC-AB71734E9CBC}"
EndProject
Project("{8BC9CEB8-8B4A-11D0-8D11-00A0C91BC942}") = "EP_CPP_TEST_main", "tests\EP_CPP_TEST_main.vcxproj", "{17034538-93F4-3AFF-BFF3-1F030D1578D1}"
EndProject
Project("{8BC9CEB8-8B4A-11D0-8D11-00A0C91BC942}") = "epsrv", "epsrv.vcxproj", "{C5F2A28D-631C-4626-8CAF-2ED6653897AD}"
EndProject
Project("{8BC9CEB8-8B4A-11D0-8D11-00A0C91BC942}") = "easyprospect-web-worker", "easyprospect-web-worker.vcxproj", "{33C62223-7936-4376-B14D-FA7BC5E19F17}"
EndProject
Project("{8BC9CEB8-8B4A-11D0-8D11-00A0C91BC942}") = "easyprospect-service-shared", "easyprospect-service-shared.vcxproj", "{DB1C25DE-AE36-4999-B230-421FC5F8168C}"
EndProject
Project("{8BC9CEB8-8B4A-11D0-8D11-00A0C91BC942}") = "epworker", "epworker.vcxproj", "{5A449070-3330-49EB-926C-C621BDA20AD9}"
EndProject
Project("{8BC9CEB8-8B4A-11D0-8D11-00A0C91BC942}") = "epworkercntl", "epworkercntl.vcxproj", "{BEFAC642-8D6C-4C6E-B91C-BB03D054CA38}"
EndProject
Project("{8BC9CEB8-8B4A-11D0-8D11-00A0C91BC942}") = "easyprospect-service-control", "easyprospect-service-control.vcxproj", "{FEDAB78B-C134-49A6-B839-0C622D91E8E2}"
EndProject
Project("{8BC9CEB8-8B4A-11D0-8D11-00A0C91BC942}") = "easyprospect-os-utils", "easyprospect-os-utils.vcxproj", "{C9CAB0F9-8C6D-4FE0-A21A-9AFAC5EA493A}"
EndProject
Project("{8BC9CEB8-8B4A-11D0-8D11-00A0C91BC942}") = "easyprospect-v8", "easyprospect-v8.vcxproj", "{A06623F7-7AAA-3123-BA00-D954E5DCE761}"
EndProject
Project("{8BC9CEB8-8B4A-11D0-8D11-00A0C91BC942}") = "easyprospect-v8-plugin-print-console", "easyprospect-v8-plugin-print-console.vcxproj", "{148F0BA3-133B-4DE0-A8C6-241578F262A6}"
EndProject
Project("{2150E333-8FDC-42A3-9474-1A3956D46DE8}") = "v8", "v8", "{F5D2CF34-3AAE-49B7-A01A-885F420A3E26}"
EndProject
Project("{2150E333-8FDC-42A3-9474-1A3956D46DE8}") = "service", "service", "{E4ABD477-10B1-43CF-BCC5-9303F0C833E9}"
EndProject
Project("{2150E333-8FDC-42A3-9474-1A3956D46DE8}") = "server", "server", "{E0573963-B800-4E26-88BA-8547A41A6DF6}"
EndProject
Project("{2150E333-8FDC-42A3-9474-1A3956D46DE8}") = "common", "common", "{E65E6875-FB64-45F3-BEF4-19B67E42018C}"
EndProject
Project("{2150E333-8FDC-42A3-9474-1A3956D46DE8}") = "control", "control", "{F40CF5D2-A26A-4E7C-B81B-3E9ACAC2CDE3}"
EndProject
Project("{2150E333-8FDC-42A3-9474-1A3956D46DE8}") = "test", "test", "{33E5D6C4-254D-4EB5-993B-ABC27C4EC1A3}"
EndProject
Project("{2150E333-8FDC-42A3-9474-1A3956D46DE8}") = "plugins", "plugins", "{7F7BF63E-8281-4448-BA13-02B191315B45}"
EndProject
Project("{8BC9CEB8-8B4A-11D0-8D11-00A0C91BC942}") = "easyprospect-service-plugin-salesforce", "easyprospect-service-plugin-salesforce.vcxproj", "{2A6CA1C8-2C4D-41A9-902D-B8DC3248FEF7}"
EndProject
Project("{2150E333-8FDC-42A3-9474-1A3956D46DE8}") = "plugins", "plugins", "{9141ABE7-DA83-4459-8896-0BB27F4F357E}"
EndProject
Project("{8BC9CEB8-8B4A-11D0-8D11-00A0C91BC942}") = "easyprospect-common", "easyprospect-common.vcxproj", "{59C76D4B-9C89-43C8-8B17-D64D8E7D1DBD}"
EndProject
Project("{2150E333-8FDC-42A3-9474-1A3956D46DE8}") = "data", "data", "{88EBD629-6AB1-48CB-B02A-A8CD2B901DEF}"
EndProject
Project("{8BC9CEB8-8B4A-11D0-8D11-00A0C91BC942}") = "easyprospect-data", "easyprospect-data.vcxproj", "{55A758B4-CCBC-4B4B-8767-75FD0FC0BB37}"
EndProject
Project("{8BC9CEB8-8B4A-11D0-8D11-00A0C91BC942}") = "easyprospect-data-schema", "easyprospect-data-schema.vcxproj", "{9231A20D-B032-4692-92EA-FCB1930B1741}"
EndProject
Project("{2150E333-8FDC-42A3-9474-1A3956D46DE8}") = "tools", "tools", "{4351B5B2-B545-427D-AEED-15C2D72AB1FC}"
EndProject
Project("{8BC9CEB8-8B4A-11D0-8D11-00A0C91BC942}") = "incbin", "incbin.vcxproj", "{C1546583-582A-4766-B0DB-1779BDBB1A7F}"
EndProject
Global
	GlobalSection(SolutionConfigurationPlatforms) = preSolution
		Debug|x64 = Debug|x64
		Debug|x86 = Debug|x86
		MinSizeRel|x64 = MinSizeRel|x64
		MinSizeRel|x86 = MinSizeRel|x86
		Release|x64 = Release|x64
		Release|x86 = Release|x86
		RelWithDebInfo|x64 = RelWithDebInfo|x64
		RelWithDebInfo|x86 = RelWithDebInfo|x86
	EndGlobalSection
	GlobalSection(ProjectConfigurationPlatforms) = postSolution
		{1E3BE921-AB36-49F7-980B-CDE7CC3DBF61}.Debug|x64.ActiveCfg = Debug|x64
		{1E3BE921-AB36-49F7-980B-CDE7CC3DBF61}.Debug|x64.Build.0 = Debug|x64
		{1E3BE921-AB36-49F7-980B-CDE7CC3DBF61}.Debug|x86.ActiveCfg = Debug|Win32
		{1E3BE921-AB36-49F7-980B-CDE7CC3DBF61}.Debug|x86.Build.0 = Debug|Win32
		{1E3BE921-AB36-49F7-980B-CDE7CC3DBF61}.MinSizeRel|x64.ActiveCfg = Release|x64
		{1E3BE921-AB36-49F7-980B-CDE7CC3DBF61}.MinSizeRel|x64.Build.0 = Release|x64
		{1E3BE921-AB36-49F7-980B-CDE7CC3DBF61}.MinSizeRel|x86.ActiveCfg = Release|Win32
		{1E3BE921-AB36-49F7-980B-CDE7CC3DBF61}.MinSizeRel|x86.Build.0 = Release|Win32
		{1E3BE921-AB36-49F7-980B-CDE7CC3DBF61}.Release|x64.ActiveCfg = Release|x64
		{1E3BE921-AB36-49F7-980B-CDE7CC3DBF61}.Release|x64.Build.0 = Release|x64
		{1E3BE921-AB36-49F7-980B-CDE7CC3DBF61}.Release|x86.ActiveCfg = Release|Win32
		{1E3BE921-AB36-49F7-980B-CDE7CC3DBF61}.Release|x86.Build.0 = Release|Win32
		{1E3BE921-AB36-49F7-980B-CDE7CC3DBF61}.RelWithDebInfo|x64.ActiveCfg = Release|x64
		{1E3BE921-AB36-49F7-980B-CDE7CC3DBF61}.RelWithDebInfo|x64.Build.0 = Release|x64
		{1E3BE921-AB36-49F7-980B-CDE7CC3DBF61}.RelWithDebInfo|x86.ActiveCfg = Release|Win32
		{1E3BE921-AB36-49F7-980B-CDE7CC3DBF61}.RelWithDebInfo|x86.Build.0 = Release|Win32
		{3EF75984-9598-49D6-B4DC-AB71734E9CBC}.Debug|x64.ActiveCfg = Debug|x64
		{3EF75984-9598-49D6-B4DC-AB71734E9CBC}.Debug|x64.Build.0 = Debug|x64
		{3EF75984-9598-49D6-B4DC-AB71734E9CBC}.Debug|x86.ActiveCfg = Debug|Win32
		{3EF75984-9598-49D6-B4DC-AB71734E9CBC}.Debug|x86.Build.0 = Debug|Win32
		{3EF75984-9598-49D6-B4DC-AB71734E9CBC}.MinSizeRel|x64.ActiveCfg = Release|x64
		{3EF75984-9598-49D6-B4DC-AB71734E9CBC}.MinSizeRel|x64.Build.0 = Release|x64
		{3EF75984-9598-49D6-B4DC-AB71734E9CBC}.MinSizeRel|x86.ActiveCfg = Release|Win32
		{3EF75984-9598-49D6-B4DC-AB71734E9CBC}.MinSizeRel|x86.Build.0 = Release|Win32
		{3EF75984-9598-49D6-B4DC-AB71734E9CBC}.Release|x64.ActiveCfg = Release|x64
		{3EF75984-9598-49D6-B4DC-AB71734E9CBC}.Release|x64.Build.0 = Release|x64
		{3EF75984-9598-49D6-B4DC-AB71734E9CBC}.Release|x86.ActiveCfg = Release|Win32
		{3EF75984-9598-49D6-B4DC-AB71734E9CBC}.Release|x86.Build.0 = Release|Win32
		{3EF75984-9598-49D6-B4DC-AB71734E9CBC}.RelWithDebInfo|x64.ActiveCfg = Release|x64
		{3EF75984-9598-49D6-B4DC-AB71734E9CBC}.RelWithDebInfo|x64.Build.0 = Release|x64
		{3EF75984-9598-49D6-B4DC-AB71734E9CBC}.RelWithDebInfo|x86.ActiveCfg = Release|Win32
		{3EF75984-9598-49D6-B4DC-AB71734E9CBC}.RelWithDebInfo|x86.Build.0 = Release|Win32
		{17034538-93F4-3AFF-BFF3-1F030D1578D1}.Debug|x64.ActiveCfg = Debug|x64
		{17034538-93F4-3AFF-BFF3-1F030D1578D1}.Debug|x64.Build.0 = Debug|x64
		{17034538-93F4-3AFF-BFF3-1F030D1578D1}.Debug|x86.ActiveCfg = Debug|x64
		{17034538-93F4-3AFF-BFF3-1F030D1578D1}.MinSizeRel|x64.ActiveCfg = MinSizeRel|x64
		{17034538-93F4-3AFF-BFF3-1F030D1578D1}.MinSizeRel|x64.Build.0 = MinSizeRel|x64
		{17034538-93F4-3AFF-BFF3-1F030D1578D1}.MinSizeRel|x86.ActiveCfg = MinSizeRel|x64
		{17034538-93F4-3AFF-BFF3-1F030D1578D1}.Release|x64.ActiveCfg = Release|x64
		{17034538-93F4-3AFF-BFF3-1F030D1578D1}.Release|x64.Build.0 = Release|x64
		{17034538-93F4-3AFF-BFF3-1F030D1578D1}.Release|x86.ActiveCfg = Release|x64
		{17034538-93F4-3AFF-BFF3-1F030D1578D1}.RelWithDebInfo|x64.ActiveCfg = RelWithDebInfo|x64
		{17034538-93F4-3AFF-BFF3-1F030D1578D1}.RelWithDebInfo|x64.Build.0 = RelWithDebInfo|x64
		{17034538-93F4-3AFF-BFF3-1F030D1578D1}.RelWithDebInfo|x86.ActiveCfg = RelWithDebInfo|x64
		{C5F2A28D-631C-4626-8CAF-2ED6653897AD}.Debug|x64.ActiveCfg = Debug|x64
		{C5F2A28D-631C-4626-8CAF-2ED6653897AD}.Debug|x64.Build.0 = Debug|x64
		{C5F2A28D-631C-4626-8CAF-2ED6653897AD}.Debug|x86.ActiveCfg = Debug|Win32
		{C5F2A28D-631C-4626-8CAF-2ED6653897AD}.Debug|x86.Build.0 = Debug|Win32
		{C5F2A28D-631C-4626-8CAF-2ED6653897AD}.MinSizeRel|x64.ActiveCfg = Release|x64
		{C5F2A28D-631C-4626-8CAF-2ED6653897AD}.MinSizeRel|x64.Build.0 = Release|x64
		{C5F2A28D-631C-4626-8CAF-2ED6653897AD}.MinSizeRel|x86.ActiveCfg = Release|Win32
		{C5F2A28D-631C-4626-8CAF-2ED6653897AD}.MinSizeRel|x86.Build.0 = Release|Win32
		{C5F2A28D-631C-4626-8CAF-2ED6653897AD}.Release|x64.ActiveCfg = Release|x64
		{C5F2A28D-631C-4626-8CAF-2ED6653897AD}.Release|x64.Build.0 = Release|x64
		{C5F2A28D-631C-4626-8CAF-2ED6653897AD}.Release|x86.ActiveCfg = Release|Win32
		{C5F2A28D-631C-4626-8CAF-2ED6653897AD}.Release|x86.Build.0 = Release|Win32
		{C5F2A28D-631C-4626-8CAF-2ED6653897AD}.RelWithDebInfo|x64.ActiveCfg = Release|x64
		{C5F2A28D-631C-4626-8CAF-2ED6653897AD}.RelWithDebInfo|x64.Build.0 = Release|x64
		{C5F2A28D-631C-4626-8CAF-2ED6653897AD}.RelWithDebInfo|x86.ActiveCfg = Release|Win32
		{C5F2A28D-631C-4626-8CAF-2ED6653897AD}.RelWithDebInfo|x86.Build.0 = Release|Win32
		{33C62223-7936-4376-B14D-FA7BC5E19F17}.Debug|x64.ActiveCfg = Debug|x64
		{33C62223-7936-4376-B14D-FA7BC5E19F17}.Debug|x64.Build.0 = Debug|x64
		{33C62223-7936-4376-B14D-FA7BC5E19F17}.Debug|x86.ActiveCfg = Debug|Win32
		{33C62223-7936-4376-B14D-FA7BC5E19F17}.Debug|x86.Build.0 = Debug|Win32
		{33C62223-7936-4376-B14D-FA7BC5E19F17}.MinSizeRel|x64.ActiveCfg = Release|x64
		{33C62223-7936-4376-B14D-FA7BC5E19F17}.MinSizeRel|x64.Build.0 = Release|x64
		{33C62223-7936-4376-B14D-FA7BC5E19F17}.MinSizeRel|x86.ActiveCfg = Release|Win32
		{33C62223-7936-4376-B14D-FA7BC5E19F17}.MinSizeRel|x86.Build.0 = Release|Win32
		{33C62223-7936-4376-B14D-FA7BC5E19F17}.Release|x64.ActiveCfg = Release|x64
		{33C62223-7936-4376-B14D-FA7BC5E19F17}.Release|x64.Build.0 = Release|x64
		{33C62223-7936-4376-B14D-FA7BC5E19F17}.Release|x86.ActiveCfg = Release|Win32
		{33C62223-7936-4376-B14D-FA7BC5E19F17}.Release|x86.Build.0 = Release|Win32
		{33C62223-7936-4376-B14D-FA7BC5E19F17}.RelWithDebInfo|x64.ActiveCfg = Release|x64
		{33C62223-7936-4376-B14D-FA7BC5E19F17}.RelWithDebInfo|x64.Build.0 = Release|x64
		{33C62223-7936-4376-B14D-FA7BC5E19F17}.RelWithDebInfo|x86.ActiveCfg = Release|Win32
		{33C62223-7936-4376-B14D-FA7BC5E19F17}.RelWithDebInfo|x86.Build.0 = Release|Win32
		{DB1C25DE-AE36-4999-B230-421FC5F8168C}.Debug|x64.ActiveCfg = Debug|x64
		{DB1C25DE-AE36-4999-B230-421FC5F8168C}.Debug|x64.Build.0 = Debug|x64
		{DB1C25DE-AE36-4999-B230-421FC5F8168C}.Debug|x86.ActiveCfg = Debug|Win32
		{DB1C25DE-AE36-4999-B230-421FC5F8168C}.Debug|x86.Build.0 = Debug|Win32
		{DB1C25DE-AE36-4999-B230-421FC5F8168C}.MinSizeRel|x64.ActiveCfg = Release|x64
		{DB1C25DE-AE36-4999-B230-421FC5F8168C}.MinSizeRel|x64.Build.0 = Release|x64
		{DB1C25DE-AE36-4999-B230-421FC5F8168C}.MinSizeRel|x86.ActiveCfg = Release|Win32
		{DB1C25DE-AE36-4999-B230-421FC5F8168C}.MinSizeRel|x86.Build.0 = Release|Win32
		{DB1C25DE-AE36-4999-B230-421FC5F8168C}.Release|x64.ActiveCfg = Release|x64
		{DB1C25DE-AE36-4999-B230-421FC5F8168C}.Release|x64.Build.0 = Release|x64
		{DB1C25DE-AE36-4999-B230-421FC5F8168C}.Release|x86.ActiveCfg = Release|Win32
		{DB1C25DE-AE36-4999-B230-421FC5F8168C}.Release|x86.Build.0 = Release|Win32
		{DB1C25DE-AE36-4999-B230-421FC5F8168C}.RelWithDebInfo|x64.ActiveCfg = Release|x64
		{DB1C25DE-AE36-4999-B230-421FC5F8168C}.RelWithDebInfo|x64.Build.0 = Release|x64
		{DB1C25DE-AE36-4999-B230-421FC5F8168C}.RelWithDebInfo|x86.ActiveCfg = Release|Win32
		{DB1C25DE-AE36-4999-B230-421FC5F8168C}.RelWithDebInfo|x86.Build.0 = Release|Win32
		{5A449070-3330-49EB-926C-C621BDA20AD9}.Debug|x64.ActiveCfg = Debug|x64
		{5A449070-3330-49EB-926C-C621BDA20AD9}.Debug|x64.Build.0 = Debug|x64
		{5A449070-3330-49EB-926C-C621BDA20AD9}.Debug|x86.ActiveCfg = Debug|Win32
		{5A449070-3330-49EB-926C-C621BDA20AD9}.Debug|x86.Build.0 = Debug|Win32
		{5A449070-3330-49EB-926C-C621BDA20AD9}.MinSizeRel|x64.ActiveCfg = Release|x64
		{5A449070-3330-49EB-926C-C621BDA20AD9}.MinSizeRel|x64.Build.0 = Release|x64
		{5A449070-3330-49EB-926C-C621BDA20AD9}.MinSizeRel|x86.ActiveCfg = Release|Win32
		{5A449070-3330-49EB-926C-C621BDA20AD9}.MinSizeRel|x86.Build.0 = Release|Win32
		{5A449070-3330-49EB-926C-C621BDA20AD9}.Release|x64.ActiveCfg = Release|x64
		{5A449070-3330-49EB-926C-C621BDA20AD9}.Release|x64.Build.0 = Release|x64
		{5A449070-3330-49EB-926C-C621BDA20AD9}.Release|x86.ActiveCfg = Release|Win32
		{5A449070-3330-49EB-926C-C621BDA20AD9}.Release|x86.Build.0 = Release|Win32
		{5A449070-3330-49EB-926C-C621BDA20AD9}.RelWithDebInfo|x64.ActiveCfg = Release|x64
		{5A449070-3330-49EB-926C-C621BDA20AD9}.RelWithDebInfo|x64.Build.0 = Release|x64
		{5A449070-3330-49EB-926C-C621BDA20AD9}.RelWithDebInfo|x86.ActiveCfg = Release|Win32
		{5A449070-3330-49EB-926C-C621BDA20AD9}.RelWithDebInfo|x86.Build.0 = Release|Win32
		{BEFAC642-8D6C-4C6E-B91C-BB03D054CA38}.Debug|x64.ActiveCfg = Debug|x64
		{BEFAC642-8D6C-4C6E-B91C-BB03D054CA38}.Debug|x64.Build.0 = Debug|x64
		{BEFAC642-8D6C-4C6E-B91C-BB03D054CA38}.Debug|x86.ActiveCfg = Debug|Win32
		{BEFAC642-8D6C-4C6E-B91C-BB03D054CA38}.Debug|x86.Build.0 = Debug|Win32
		{BEFAC642-8D6C-4C6E-B91C-BB03D054CA38}.MinSizeRel|x64.ActiveCfg = Release|x64
		{BEFAC642-8D6C-4C6E-B91C-BB03D054CA38}.MinSizeRel|x64.Build.0 = Release|x64
		{BEFAC642-8D6C-4C6E-B91C-BB03D054CA38}.MinSizeRel|x86.ActiveCfg = Release|Win32
		{BEFAC642-8D6C-4C6E-B91C-BB03D054CA38}.MinSizeRel|x86.Build.0 = Release|Win32
		{BEFAC642-8D6C-4C6E-B91C-BB03D054CA38}.Release|x64.ActiveCfg = Release|x64
		{BEFAC642-8D6C-4C6E-B91C-BB03D054CA38}.Release|x64.Build.0 = Release|x64
		{BEFAC642-8D6C-4C6E-B91C-BB03D054CA38}.Release|x86.ActiveCfg = Release|Win32
		{BEFAC642-8D6C-4C6E-B91C-BB03D054CA38}.Release|x86.Build.0 = Release|Win32
		{BEFAC642-8D6C-4C6E-B91C-BB03D054CA38}.RelWithDebInfo|x64.ActiveCfg = Release|x64
		{BEFAC642-8D6C-4C6E-B91C-BB03D054CA38}.RelWithDebInfo|x64.Build.0 = Release|x64
		{BEFAC642-8D6C-4C6E-B91C-BB03D054CA38}.RelWithDebInfo|x86.ActiveCfg = Release|Win32
		{BEFAC642-8D6C-4C6E-B91C-BB03D054CA38}.RelWithDebInfo|x86.Build.0 = Release|Win32
		{FEDAB78B-C134-49A6-B839-0C622D91E8E2}.Debug|x64.ActiveCfg = Debug|x64
		{FEDAB78B-C134-49A6-B839-0C622D91E8E2}.Debug|x64.Build.0 = Debug|x64
		{FEDAB78B-C134-49A6-B839-0C622D91E8E2}.Debug|x86.ActiveCfg = Debug|Win32
		{FEDAB78B-C134-49A6-B839-0C622D91E8E2}.Debug|x86.Build.0 = Debug|Win32
		{FEDAB78B-C134-49A6-B839-0C622D91E8E2}.MinSizeRel|x64.ActiveCfg = Release|x64
		{FEDAB78B-C134-49A6-B839-0C622D91E8E2}.MinSizeRel|x64.Build.0 = Release|x64
		{FEDAB78B-C134-49A6-B839-0C622D91E8E2}.MinSizeRel|x86.ActiveCfg = Release|Win32
		{FEDAB78B-C134-49A6-B839-0C622D91E8E2}.MinSizeRel|x86.Build.0 = Release|Win32
		{FEDAB78B-C134-49A6-B839-0C622D91E8E2}.Release|x64.ActiveCfg = Release|x64
		{FEDAB78B-C134-49A6-B839-0C622D91E8E2}.Release|x64.Build.0 = Release|x64
		{FEDAB78B-C134-49A6-B839-0C622D91E8E2}.Release|x86.ActiveCfg = Release|Win32
		{FEDAB78B-C134-49A6-B839-0C622D91E8E2}.Release|x86.Build.0 = Release|Win32
		{FEDAB78B-C134-49A6-B839-0C622D91E8E2}.RelWithDebInfo|x64.ActiveCfg = Release|x64
		{FEDAB78B-C134-49A6-B839-0C622D91E8E2}.RelWithDebInfo|x64.Build.0 = Release|x64
		{FEDAB78B-C134-49A6-B839-0C622D91E8E2}.RelWithDebInfo|x86.ActiveCfg = Release|Win32
		{FEDAB78B-C134-49A6-B839-0C622D91E8E2}.RelWithDebInfo|x86.Build.0 = Release|Win32
		{C9CAB0F9-8C6D-4FE0-A21A-9AFAC5EA493A}.Debug|x64.ActiveCfg = Debug|x64
		{C9CAB0F9-8C6D-4FE0-A21A-9AFAC5EA493A}.Debug|x64.Build.0 = Debug|x64
		{C9CAB0F9-8C6D-4FE0-A21A-9AFAC5EA493A}.Debug|x86.ActiveCfg = Debug|Win32
		{C9CAB0F9-8C6D-4FE0-A21A-9AFAC5EA493A}.Debug|x86.Build.0 = Debug|Win32
		{C9CAB0F9-8C6D-4FE0-A21A-9AFAC5EA493A}.MinSizeRel|x64.ActiveCfg = Release|x64
		{C9CAB0F9-8C6D-4FE0-A21A-9AFAC5EA493A}.MinSizeRel|x64.Build.0 = Release|x64
		{C9CAB0F9-8C6D-4FE0-A21A-9AFAC5EA493A}.MinSizeRel|x86.ActiveCfg = Release|Win32
		{C9CAB0F9-8C6D-4FE0-A21A-9AFAC5EA493A}.MinSizeRel|x86.Build.0 = Release|Win32
		{C9CAB0F9-8C6D-4FE0-A21A-9AFAC5EA493A}.Release|x64.ActiveCfg = Release|x64
		{C9CAB0F9-8C6D-4FE0-A21A-9AFAC5EA493A}.Release|x64.Build.0 = Release|x64
		{C9CAB0F9-8C6D-4FE0-A21A-9AFAC5EA493A}.Release|x86.ActiveCfg = Release|Win32
		{C9CAB0F9-8C6D-4FE0-A21A-9AFAC5EA493A}.Release|x86.Build.0 = Release|Win32
		{C9CAB0F9-8C6D-4FE0-A21A-9AFAC5EA493A}.RelWithDebInfo|x64.ActiveCfg = Release|x64
		{C9CAB0F9-8C6D-4FE0-A21A-9AFAC5EA493A}.RelWithDebInfo|x64.Build.0 = Release|x64
		{C9CAB0F9-8C6D-4FE0-A21A-9AFAC5EA493A}.RelWithDebInfo|x86.ActiveCfg = Release|Win32
		{C9CAB0F9-8C6D-4FE0-A21A-9AFAC5EA493A}.RelWithDebInfo|x86.Build.0 = Release|Win32
		{A06623F7-7AAA-3123-BA00-D954E5DCE761}.Debug|x64.ActiveCfg = Debug|x64
		{A06623F7-7AAA-3123-BA00-D954E5DCE761}.Debug|x64.Build.0 = Debug|x64
		{A06623F7-7AAA-3123-BA00-D954E5DCE761}.Debug|x86.ActiveCfg = Debug|x64
		{A06623F7-7AAA-3123-BA00-D954E5DCE761}.MinSizeRel|x64.ActiveCfg = MinSizeRel|x64
		{A06623F7-7AAA-3123-BA00-D954E5DCE761}.MinSizeRel|x64.Build.0 = MinSizeRel|x64
		{A06623F7-7AAA-3123-BA00-D954E5DCE761}.MinSizeRel|x86.ActiveCfg = MinSizeRel|x64
		{A06623F7-7AAA-3123-BA00-D954E5DCE761}.Release|x64.ActiveCfg = Release|x64
		{A06623F7-7AAA-3123-BA00-D954E5DCE761}.Release|x64.Build.0 = Release|x64
		{A06623F7-7AAA-3123-BA00-D954E5DCE761}.Release|x86.ActiveCfg = Release|x64
		{A06623F7-7AAA-3123-BA00-D954E5DCE761}.RelWithDebInfo|x64.ActiveCfg = RelWithDebInfo|x64
		{A06623F7-7AAA-3123-BA00-D954E5DCE761}.RelWithDebInfo|x64.Build.0 = RelWithDebInfo|x64
		{A06623F7-7AAA-3123-BA00-D954E5DCE761}.RelWithDebInfo|x86.ActiveCfg = RelWithDebInfo|x64
		{148F0BA3-133B-4DE0-A8C6-241578F262A6}.Debug|x64.ActiveCfg = Debug|x64
		{148F0BA3-133B-4DE0-A8C6-241578F262A6}.Debug|x64.Build.0 = Debug|x64
		{148F0BA3-133B-4DE0-A8C6-241578F262A6}.Debug|x86.ActiveCfg = Debug|Win32
		{148F0BA3-133B-4DE0-A8C6-241578F262A6}.Debug|x86.Build.0 = Debug|Win32
		{148F0BA3-133B-4DE0-A8C6-241578F262A6}.MinSizeRel|x64.ActiveCfg = Release|x64
		{148F0BA3-133B-4DE0-A8C6-241578F262A6}.MinSizeRel|x64.Build.0 = Release|x64
		{148F0BA3-133B-4DE0-A8C6-241578F262A6}.MinSizeRel|x86.ActiveCfg = Release|Win32
		{148F0BA3-133B-4DE0-A8C6-241578F262A6}.MinSizeRel|x86.Build.0 = Release|Win32
		{148F0BA3-133B-4DE0-A8C6-241578F262A6}.Release|x64.ActiveCfg = Release|x64
		{148F0BA3-133B-4DE0-A8C6-241578F262A6}.Release|x64.Build.0 = Release|x64
		{148F0BA3-133B-4DE0-A8C6-241578F262A6}.Release|x86.ActiveCfg = Release|Win32
		{148F0BA3-133B-4DE0-A8C6-241578F262A6}.Release|x86.Build.0 = Release|Win32
		{148F0BA3-133B-4DE0-A8C6-241578F262A6}.RelWithDebInfo|x64.ActiveCfg = Release|x64
		{148F0BA3-133B-4DE0-A8C6-241578F262A6}.RelWithDebInfo|x64.Build.0 = Release|x64
		{148F0BA3-133B-4DE0-A8C6-241578F262A6}.RelWithDebInfo|x86.ActiveCfg = Release|Win32
		{148F0BA3-133B-4DE0-A8C6-241578F262A6}.RelWithDebInfo|x86.Build.0 = Release|Win32
		{2A6CA1C8-2C4D-41A9-902D-B8DC3248FEF7}.Debug|x64.ActiveCfg = Debug|x64
		{2A6CA1C8-2C4D-41A9-902D-B8DC3248FEF7}.Debug|x64.Build.0 = Debug|x64
		{2A6CA1C8-2C4D-41A9-902D-B8DC3248FEF7}.Debug|x86.ActiveCfg = Debug|Win32
		{2A6CA1C8-2C4D-41A9-902D-B8DC3248FEF7}.Debug|x86.Build.0 = Debug|Win32
		{2A6CA1C8-2C4D-41A9-902D-B8DC3248FEF7}.MinSizeRel|x64.ActiveCfg = Debug|x64
		{2A6CA1C8-2C4D-41A9-902D-B8DC3248FEF7}.MinSizeRel|x64.Build.0 = Debug|x64
		{2A6CA1C8-2C4D-41A9-902D-B8DC3248FEF7}.MinSizeRel|x86.ActiveCfg = Debug|Win32
		{2A6CA1C8-2C4D-41A9-902D-B8DC3248FEF7}.MinSizeRel|x86.Build.0 = Debug|Win32
		{2A6CA1C8-2C4D-41A9-902D-B8DC3248FEF7}.Release|x64.ActiveCfg = Release|x64
		{2A6CA1C8-2C4D-41A9-902D-B8DC3248FEF7}.Release|x64.Build.0 = Release|x64
		{2A6CA1C8-2C4D-41A9-902D-B8DC3248FEF7}.Release|x86.ActiveCfg = Release|Win32
		{2A6CA1C8-2C4D-41A9-902D-B8DC3248FEF7}.Release|x86.Build.0 = Release|Win32
		{2A6CA1C8-2C4D-41A9-902D-B8DC3248FEF7}.RelWithDebInfo|x64.ActiveCfg = Release|x64
		{2A6CA1C8-2C4D-41A9-902D-B8DC3248FEF7}.RelWithDebInfo|x64.Build.0 = Release|x64
		{2A6CA1C8-2C4D-41A9-902D-B8DC3248FEF7}.RelWithDebInfo|x86.ActiveCfg = Release|Win32
		{2A6CA1C8-2C4D-41A9-902D-B8DC3248FEF7}.RelWithDebInfo|x86.Build.0 = Release|Win32
		{59C76D4B-9C89-43C8-8B17-D64D8E7D1DBD}.Debug|x64.ActiveCfg = Debug|x64
		{59C76D4B-9C89-43C8-8B17-D64D8E7D1DBD}.Debug|x64.Build.0 = Debug|x64
		{59C76D4B-9C89-43C8-8B17-D64D8E7D1DBD}.Debug|x86.ActiveCfg = Debug|Win32
		{59C76D4B-9C89-43C8-8B17-D64D8E7D1DBD}.Debug|x86.Build.0 = Debug|Win32
		{59C76D4B-9C89-43C8-8B17-D64D8E7D1DBD}.MinSizeRel|x64.ActiveCfg = Debug|x64
		{59C76D4B-9C89-43C8-8B17-D64D8E7D1DBD}.MinSizeRel|x64.Build.0 = Debug|x64
		{59C76D4B-9C89-43C8-8B17-D64D8E7D1DBD}.MinSizeRel|x86.ActiveCfg = Debug|Win32
		{59C76D4B-9C89-43C8-8B17-D64D8E7D1DBD}.MinSizeRel|x86.Build.0 = Debug|Win32
		{59C76D4B-9C89-43C8-8B17-D64D8E7D1DBD}.Release|x64.ActiveCfg = Release|x64
		{59C76D4B-9C89-43C8-8B17-D64D8E7D1DBD}.Release|x64.Build.0 = Release|x64
		{59C76D4B-9C89-43C8-8B17-D64D8E7D1DBD}.Release|x86.ActiveCfg = Release|Win32
		{59C76D4B-9C89-43C8-8B17-D64D8E7D1DBD}.Release|x86.Build.0 = Release|Win32
		{59C76D4B-9C89-43C8-8B17-D64D8E7D1DBD}.RelWithDebInfo|x64.ActiveCfg = Release|x64
		{59C76D4B-9C89-43C8-8B17-D64D8E7D1DBD}.RelWithDebInfo|x64.Build.0 = Release|x64
		{59C76D4B-9C89-43C8-8B17-D64D8E7D1DBD}.RelWithDebInfo|x86.ActiveCfg = Release|Win32
		{59C76D4B-9C89-43C8-8B17-D64D8E7D1DBD}.RelWithDebInfo|x86.Build.0 = Release|Win32
		{55A758B4-CCBC-4B4B-8767-75FD0FC0BB37}.Debug|x64.ActiveCfg = Debug|x64
		{55A758B4-CCBC-4B4B-8767-75FD0FC0BB37}.Debug|x64.Build.0 = Debug|x64
		{55A758B4-CCBC-4B4B-8767-75FD0FC0BB37}.Debug|x86.ActiveCfg = Debug|Win32
		{55A758B4-CCBC-4B4B-8767-75FD0FC0BB37}.Debug|x86.Build.0 = Debug|Win32
		{55A758B4-CCBC-4B4B-8767-75FD0FC0BB37}.MinSizeRel|x64.ActiveCfg = Debug|x64
		{55A758B4-CCBC-4B4B-8767-75FD0FC0BB37}.MinSizeRel|x64.Build.0 = Debug|x64
		{55A758B4-CCBC-4B4B-8767-75FD0FC0BB37}.MinSizeRel|x86.ActiveCfg = Debug|Win32
		{55A758B4-CCBC-4B4B-8767-75FD0FC0BB37}.MinSizeRel|x86.Build.0 = Debug|Win32
		{55A758B4-CCBC-4B4B-8767-75FD0FC0BB37}.Release|x64.ActiveCfg = Release|x64
		{55A758B4-CCBC-4B4B-8767-75FD0FC0BB37}.Release|x64.Build.0 = Release|x64
		{55A758B4-CCBC-4B4B-8767-75FD0FC0BB37}.Release|x86.ActiveCfg = Release|Win32
		{55A758B4-CCBC-4B4B-8767-75FD0FC0BB37}.Release|x86.Build.0 = Release|Win32
		{55A758B4-CCBC-4B4B-8767-75FD0FC0BB37}.RelWithDebInfo|x64.ActiveCfg = Release|x64
		{55A758B4-CCBC-4B4B-8767-75FD0FC0BB37}.RelWithDebInfo|x64.Build.0 = Release|x64
		{55A758B4-CCBC-4B4B-8767-75FD0FC0BB37}.RelWithDebInfo|x86.ActiveCfg = Release|Win32
		{55A758B4-CCBC-4B4B-8767-75FD0FC0BB37}.RelWithDebInfo|x86.Build.0 = Release|Win32
		{9231A20D-B032-4692-92EA-FCB1930B1741}.Debug|x64.ActiveCfg = Debug|x64
		{9231A20D-B032-4692-92EA-FCB1930B1741}.Debug|x64.Build.0 = Debug|x64
		{9231A20D-B032-4692-92EA-FCB1930B1741}.Debug|x86.ActiveCfg = Debug|Win32
		{9231A20D-B032-4692-92EA-FCB1930B1741}.Debug|x86.Build.0 = Debug|Win32
		{9231A20D-B032-4692-92EA-FCB1930B1741}.MinSizeRel|x64.ActiveCfg = Debug|x64
		{9231A20D-B032-4692-92EA-FCB1930B1741}.MinSizeRel|x64.Build.0 = Debug|x64
		{9231A20D-B032-4692-92EA-FCB1930B1741}.MinSizeRel|x86.ActiveCfg = Debug|Win32
		{9231A20D-B032-4692-92EA-FCB1930B1741}.MinSizeRel|x86.Build.0 = Debug|Win32
		{9231A20D-B032-4692-92EA-FCB1930B1741}.Release|x64.ActiveCfg = Release|x64
		{9231A20D-B032-4692-92EA-FCB1930B1741}.Release|x64.Build.0 = Release|x64
		{9231A20D-B032-4692-92EA-FCB1930B1741}.Release|x86.ActiveCfg = Release|Win32
		{9231A20D-B032-4692-92EA-FCB1930B1741}.Release|x86.Build.0 = Release|Win32
		{9231A20D-B032-4692-92EA-FCB1930B1741}.RelWithDebInfo|x64.ActiveCfg = Release|x64
		{9231A20D-B032-4692-92EA-FCB1930B1741}.RelWithDebInfo|x64.Build.0 = Release|x64
		{9231A20D-B032-4692-92EA-FCB1930B1741}.RelWithDebInfo|x86.ActiveCfg = Release|Win32
		{9231A20D-B032-4692-92EA-FCB1930B1741}.RelWithDebInfo|x86.Build.0 = Release|Win32
		{C1546583-582A-4766-B0DB-1779BDBB1A7F}.Debug|x64.ActiveCfg = Debug|x64
		{C1546583-582A-4766-B0DB-1779BDBB1A7F}.Debug|x64.Build.0 = Debug|x64
		{C1546583-582A-4766-B0DB-1779BDBB1A7F}.Debug|x86.ActiveCfg = Debug|Win32
		{C1546583-582A-4766-B0DB-1779BDBB1A7F}.Debug|x86.Build.0 = Debug|Win32
		{C1546583-582A-4766-B0DB-1779BDBB1A7F}.MinSizeRel|x64.ActiveCfg = Debug|x64
		{C1546583-582A-4766-B0DB-1779BDBB1A7F}.MinSizeRel|x64.Build.0 = Debug|x64
		{C1546583-582A-4766-B0DB-1779BDBB1A7F}.MinSizeRel|x86.ActiveCfg = Debug|Win32
		{C1546583-582A-4766-B0DB-1779BDBB1A7F}.MinSizeRel|x86.Build.0 = Debug|Win32
		{C1546583-582A-4766-B0DB-1779BDBB1A7F}.Release|x64.ActiveCfg = Release|x64
		{C1546583-582A-4766-B0DB-1779BDBB1A7F}.Release|x64.Build.0 = Release|x64
		{C1546583-582A-4766-B0DB-1779BDBB1A7F}.Release|x86.ActiveCfg = Release|Win32
		{C1546583-582A-4766-B0DB-1779BDBB1A7F}.Release|x86.Build.0 = Release|Win32
		{C1546583-582A-4766-B0DB-1779BDBB1A7F}.RelWithDebInfo|x64.ActiveCfg = Release|x64
		{C1546583-582A-4766-B0DB-1779BDBB1A7F}.RelWithDebInfo|x64.Build.0 = Release|x64
		{C1546583-582A-4766-B0DB-1779BDBB1A7F}.RelWithDebInfo|x86.ActiveCfg = Release|Win32
		{C1546583-582A-4766-B0DB-1779BDBB1A7F}.RelWithDebInfo|x86.Build.0 = Release|Win32
	EndGlobalSection
	GlobalSection(SolutionProperties) = preSolution
		HideSolutionNode = FALSE
	EndGlobalSection
	GlobalSection(NestedProjects) = preSolution
		{1E3BE921-AB36-49F7-980B-CDE7CC3DBF61} = {E0573963-B800-4E26-88BA-8547A41A6DF6}
		{3EF75984-9598-49D6-B4DC-AB71734E9CBC} = {E65E6875-FB64-45F3-BEF4-19B67E42018C}
		{17034538-93F4-3AFF-BFF3-1F030D1578D1} = {33E5D6C4-254D-4EB5-993B-ABC27C4EC1A3}
		{C5F2A28D-631C-4626-8CAF-2ED6653897AD} = {E0573963-B800-4E26-88BA-8547A41A6DF6}
		{33C62223-7936-4376-B14D-FA7BC5E19F17} = {E4ABD477-10B1-43CF-BCC5-9303F0C833E9}
		{DB1C25DE-AE36-4999-B230-421FC5F8168C} = {E4ABD477-10B1-43CF-BCC5-9303F0C833E9}
		{5A449070-3330-49EB-926C-C621BDA20AD9} = {E4ABD477-10B1-43CF-BCC5-9303F0C833E9}
		{BEFAC642-8D6C-4C6E-B91C-BB03D054CA38} = {F40CF5D2-A26A-4E7C-B81B-3E9ACAC2CDE3}
		{FEDAB78B-C134-49A6-B839-0C622D91E8E2} = {F40CF5D2-A26A-4E7C-B81B-3E9ACAC2CDE3}
		{C9CAB0F9-8C6D-4FE0-A21A-9AFAC5EA493A} = {E65E6875-FB64-45F3-BEF4-19B67E42018C}
		{A06623F7-7AAA-3123-BA00-D954E5DCE761} = {F5D2CF34-3AAE-49B7-A01A-885F420A3E26}
		{148F0BA3-133B-4DE0-A8C6-241578F262A6} = {9141ABE7-DA83-4459-8896-0BB27F4F357E}
		{F5D2CF34-3AAE-49B7-A01A-885F420A3E26} = {E4ABD477-10B1-43CF-BCC5-9303F0C833E9}
		{33E5D6C4-254D-4EB5-993B-ABC27C4EC1A3} = {E65E6875-FB64-45F3-BEF4-19B67E42018C}
		{7F7BF63E-8281-4448-BA13-02B191315B45} = {E4ABD477-10B1-43CF-BCC5-9303F0C833E9}
		{2A6CA1C8-2C4D-41A9-902D-B8DC3248FEF7} = {7F7BF63E-8281-4448-BA13-02B191315B45}
		{9141ABE7-DA83-4459-8896-0BB27F4F357E} = {F5D2CF34-3AAE-49B7-A01A-885F420A3E26}
		{59C76D4B-9C89-43C8-8B17-D64D8E7D1DBD} = {E65E6875-FB64-45F3-BEF4-19B67E42018C}
		{55A758B4-CCBC-4B4B-8767-75FD0FC0BB37} = {88EBD629-6AB1-48CB-B02A-A8CD2B901DEF}
		{9231A20D-B032-4692-92EA-FCB1930B1741} = {88EBD629-6AB1-48CB-B02A-A8CD2B901DEF}
		{4351B5B2-B545-427D-AEED-15C2D72AB1FC} = {E65E6875-FB64-45F3-BEF4-19B67E42018C}
		{C1546583-582A-4766-B0DB-1779BDBB1A7F} = {4351B5B2-B545-427D-AEED-15C2D72AB1FC}
	EndGlobalSection
	GlobalSection(ExtensibilityGlobals) = postSolution
		SolutionGuid = {23DF9C39-2CEA-4EA0-BA5E-FBEB9D1649CF}
	EndGlobalSection
EndGlobal
