<?xml version="1.0" encoding="utf-8"?>
<Project ToolsVersion="4.0" xmlns="http://schemas.microsoft.com/developer/msbuild/2003">
  <ItemGroup>
    <ClInclude Include="include\easyprospect-v8\call.h">
      <Filter>Header Files</Filter>
    </ClInclude>
    <ClInclude Include="include\easyprospect-v8\convert.h">
      <Filter>Header Files</Filter>
    </ClInclude>
    <ClInclude Include="include\easyprospect-v8\function.h">
      <Filter>Header Files</Filter>
    </ClInclude>
    <ClInclude Include="include\easyprospect-v8\ptr_traits.h">
      <Filter>Header Files</Filter>
    </ClInclude>
    <ClInclude Include="include\easyprospect-v8\result_code.h">
      <Filter>Header Files</Filter>
    </ClInclude>
    <ClInclude Include="include\easyprospect-v8\utility.h">
      <Filter>Header Files</Filter>
    </ClInclude>
    <ClInclude Include="include\easyprospect-v8\EpJsResult.h">
      <Filter>Header Files</Filter>
    </ClInclude>
    <ClInclude Include="include\easyprospect-v8\easyprospect-v8-2.h">
      <Filter>Header Files</Filter>
    </ClInclude>
    <ClInclude Include="include\easyprospect-v8\easyprospect-v8.h">
      <Filter>Header Files</Filter>
    </ClInclude>
    <ClInclude Include="include\easyprospect-v8\easyprospect-v8-plugin.h">
      <Filter>Header Files</Filter>
    </ClInclude>
  </ItemGroup>
  <ItemGroup>
    <Filter Include="Source Files">
      <UniqueIdentifier>{60719a66-b45f-4f62-bcfb-fe517c1942e2}</UniqueIdentifier>
    </Filter>
    <Filter Include="Header Files">
      <UniqueIdentifier>{2ce2a1fa-9c0a-4842-80d4-2b66b4641fda}</UniqueIdentifier>
    </Filter>
  </ItemGroup>
  <ItemGroup>
    <ClCompile Include="src\easyprospect-v8\function.cpp">
      <Filter>Source Files</Filter>
    </ClCompile>
    <ClCompile Include="src\easyprospect-v8\EpJsResult.cpp">
      <Filter>Source Files</Filter>
    </ClCompile>
    <ClCompile Include="src\easyprospect-v8\easyprospect-v8-2.cpp">
      <Filter>Source Files</Filter>
    </ClCompile>
    <ClCompile Include="src\easyprospect-v8\easyprospect-v8.cpp">
      <Filter>Source Files</Filter>
    </ClCompile>
    <ClCompile Include="src\easyprospect-v8\easyprospect-v8-plugin.cpp">
      <Filter>Source Files</Filter>
    </ClCompile>
  </ItemGroup>
</Project>