
Microsoft Visual Studio Solution File, Format Version 12.00
# Visual Studio Version 16
VisualStudioVersion = 16.0.29326.143
MinimumVisualStudioVersion = 10.0.40219.1
Project("{8BC9CEB8-8B4A-11D0-8D11-00A0C91BC942}") = "easyprospect-web", "easyprospect-web.vcxproj", "{1E3BE921-AB36-49F7-980B-CDE7CC3DBF61}"
EndProject
Project("{2150E333-8FDC-42A3-9474-1A3956D46DE8}") = "Solution Items", "Solution Items", "{D9F48611-0E4E-4056-A78D-A2AA23FFA502}"
	ProjectSection(SolutionItems) = preProject
		tools\buildmsvs01.ps1 = tools\buildmsvs01.ps1
		tools\pushwin01.sh = tools\pushwin01.sh
	EndProjectSection
EndProject
Project("{8BC9CEB8-8B4A-11D0-8D11-00A0C91BC942}") = "easyprospect-config", "easyprospect-config.vcxproj", "{3EF75984-9598-49D6-B4DC-AB71734E9CBC}"
EndProject
Project("{8BC9CEB8-8B4A-11D0-8D11-00A0C91BC942}") = "EP_CPP_TEST_main", "tests\EP_CPP_TEST_main.vcxproj", "{17034538-93F4-3AFF-BFF3-1F030D1578D1}"
EndProject
Project("{8BC9CEB8-8B4A-11D0-8D11-00A0C91BC942}") = "epsrv", "epsrv.vcxproj", "{C5F2A28D-631C-4626-8CAF-2ED6653897AD}"
EndProject
Project("{8BC9CEB8-8B4A-11D0-8D11-00A0C91BC942}") = "easyprospect-web-worker", "easyprospect-web-worker.vcxproj", "{33C62223-7936-4376-B14D-FA7BC5E19F17}"
EndProject
Global
	GlobalSection(SolutionConfigurationPlatforms) = preSolution
		Debug|x64 = Debug|x64
		Debug|x86 = Debug|x86
		MinSizeRel|x64 = MinSizeRel|x64
		MinSizeRel|x86 = MinSizeRel|x86
		Release|x64 = Release|x64
		Release|x86 = Release|x86
		RelWithDebInfo|x64 = RelWithDebInfo|x64
		RelWithDebInfo|x86 = RelWithDebInfo|x86
	EndGlobalSection
	GlobalSection(ProjectConfigurationPlatforms) = postSolution
		{1E3BE921-AB36-49F7-980B-CDE7CC3DBF61}.Debug|x64.ActiveCfg = Debug|x64
		{1E3BE921-AB36-49F7-980B-CDE7CC3DBF61}.Debug|x64.Build.0 = Debug|x64
		{1E3BE921-AB36-49F7-980B-CDE7CC3DBF61}.Debug|x86.ActiveCfg = Debug|Win32
		{1E3BE921-AB36-49F7-980B-CDE7CC3DBF61}.Debug|x86.Build.0 = Debug|Win32
		{1E3BE921-AB36-49F7-980B-CDE7CC3DBF61}.MinSizeRel|x64.ActiveCfg = Release|x64
		{1E3BE921-AB36-49F7-980B-CDE7CC3DBF61}.MinSizeRel|x64.Build.0 = Release|x64
		{1E3BE921-AB36-49F7-980B-CDE7CC3DBF61}.MinSizeRel|x86.ActiveCfg = Release|Win32
		{1E3BE921-AB36-49F7-980B-CDE7CC3DBF61}.MinSizeRel|x86.Build.0 = Release|Win32
		{1E3BE921-AB36-49F7-980B-CDE7CC3DBF61}.Release|x64.ActiveCfg = Release|x64
		{1E3BE921-AB36-49F7-980B-CDE7CC3DBF61}.Release|x64.Build.0 = Release|x64
		{1E3BE921-AB36-49F7-980B-CDE7CC3DBF61}.Release|x86.ActiveCfg = Release|Win32
		{1E3BE921-AB36-49F7-980B-CDE7CC3DBF61}.Release|x86.Build.0 = Release|Win32
		{1E3BE921-AB36-49F7-980B-CDE7CC3DBF61}.RelWithDebInfo|x64.ActiveCfg = Release|x64
		{1E3BE921-AB36-49F7-980B-CDE7CC3DBF61}.RelWithDebInfo|x64.Build.0 = Release|x64
		{1E3BE921-AB36-49F7-980B-CDE7CC3DBF61}.RelWithDebInfo|x86.ActiveCfg = Release|Win32
		{1E3BE921-AB36-49F7-980B-CDE7CC3DBF61}.RelWithDebInfo|x86.Build.0 = Release|Win32
		{3EF75984-9598-49D6-B4DC-AB71734E9CBC}.Debug|x64.ActiveCfg = Debug|x64
		{3EF75984-9598-49D6-B4DC-AB71734E9CBC}.Debug|x64.Build.0 = Debug|x64
		{3EF75984-9598-49D6-B4DC-AB71734E9CBC}.Debug|x86.ActiveCfg = Debug|Win32
		{3EF75984-9598-49D6-B4DC-AB71734E9CBC}.Debug|x86.Build.0 = Debug|Win32
		{3EF75984-9598-49D6-B4DC-AB71734E9CBC}.MinSizeRel|x64.ActiveCfg = Release|x64
		{3EF75984-9598-49D6-B4DC-AB71734E9CBC}.MinSizeRel|x64.Build.0 = Release|x64
		{3EF75984-9598-49D6-B4DC-AB71734E9CBC}.MinSizeRel|x86.ActiveCfg = Release|Win32
		{3EF75984-9598-49D6-B4DC-AB71734E9CBC}.MinSizeRel|x86.Build.0 = Release|Win32
		{3EF75984-9598-49D6-B4DC-AB71734E9CBC}.Release|x64.ActiveCfg = Release|x64
		{3EF75984-9598-49D6-B4DC-AB71734E9CBC}.Release|x64.Build.0 = Release|x64
		{3EF75984-9598-49D6-B4DC-AB71734E9CBC}.Release|x86.ActiveCfg = Release|Win32
		{3EF75984-9598-49D6-B4DC-AB71734E9CBC}.Release|x86.Build.0 = Release|Win32
		{3EF75984-9598-49D6-B4DC-AB71734E9CBC}.RelWithDebInfo|x64.ActiveCfg = Release|x64
		{3EF75984-9598-49D6-B4DC-AB71734E9CBC}.RelWithDebInfo|x64.Build.0 = Release|x64
		{3EF75984-9598-49D6-B4DC-AB71734E9CBC}.RelWithDebInfo|x86.ActiveCfg = Release|Win32
		{3EF75984-9598-49D6-B4DC-AB71734E9CBC}.RelWithDebInfo|x86.Build.0 = Release|Win32
		{17034538-93F4-3AFF-BFF3-1F030D1578D1}.Debug|x64.ActiveCfg = Debug|x64
		{17034538-93F4-3AFF-BFF3-1F030D1578D1}.Debug|x64.Build.0 = Debug|x64
		{17034538-93F4-3AFF-BFF3-1F030D1578D1}.Debug|x86.ActiveCfg = Debug|x64
		{17034538-93F4-3AFF-BFF3-1F030D1578D1}.MinSizeRel|x64.ActiveCfg = MinSizeRel|x64
		{17034538-93F4-3AFF-BFF3-1F030D1578D1}.MinSizeRel|x64.Build.0 = MinSizeRel|x64
		{17034538-93F4-3AFF-BFF3-1F030D1578D1}.MinSizeRel|x86.ActiveCfg = MinSizeRel|x64
		{17034538-93F4-3AFF-BFF3-1F030D1578D1}.Release|x64.ActiveCfg = Release|x64
		{17034538-93F4-3AFF-BFF3-1F030D1578D1}.Release|x64.Build.0 = Release|x64
		{17034538-93F4-3AFF-BFF3-1F030D1578D1}.Release|x86.ActiveCfg = Release|x64
		{17034538-93F4-3AFF-BFF3-1F030D1578D1}.RelWithDebInfo|x64.ActiveCfg = RelWithDebInfo|x64
		{17034538-93F4-3AFF-BFF3-1F030D1578D1}.RelWithDebInfo|x64.Build.0 = RelWithDebInfo|x64
		{17034538-93F4-3AFF-BFF3-1F030D1578D1}.RelWithDebInfo|x86.ActiveCfg = RelWithDebInfo|x64
		{C5F2A28D-631C-4626-8CAF-2ED6653897AD}.Debug|x64.ActiveCfg = Debug|x64
		{C5F2A28D-631C-4626-8CAF-2ED6653897AD}.Debug|x64.Build.0 = Debug|x64
		{C5F2A28D-631C-4626-8CAF-2ED6653897AD}.Debug|x86.ActiveCfg = Debug|Win32
		{C5F2A28D-631C-4626-8CAF-2ED6653897AD}.Debug|x86.Build.0 = Debug|Win32
		{C5F2A28D-631C-4626-8CAF-2ED6653897AD}.MinSizeRel|x64.ActiveCfg = Release|x64
		{C5F2A28D-631C-4626-8CAF-2ED6653897AD}.MinSizeRel|x64.Build.0 = Release|x64
		{C5F2A28D-631C-4626-8CAF-2ED6653897AD}.MinSizeRel|x86.ActiveCfg = Release|Win32
		{C5F2A28D-631C-4626-8CAF-2ED6653897AD}.MinSizeRel|x86.Build.0 = Release|Win32
		{C5F2A28D-631C-4626-8CAF-2ED6653897AD}.Release|x64.ActiveCfg = Release|x64
		{C5F2A28D-631C-4626-8CAF-2ED6653897AD}.Release|x64.Build.0 = Release|x64
		{C5F2A28D-631C-4626-8CAF-2ED6653897AD}.Release|x86.ActiveCfg = Release|Win32
		{C5F2A28D-631C-4626-8CAF-2ED6653897AD}.Release|x86.Build.0 = Release|Win32
		{C5F2A28D-631C-4626-8CAF-2ED6653897AD}.RelWithDebInfo|x64.ActiveCfg = Release|x64
		{C5F2A28D-631C-4626-8CAF-2ED6653897AD}.RelWithDebInfo|x64.Build.0 = Release|x64
		{C5F2A28D-631C-4626-8CAF-2ED6653897AD}.RelWithDebInfo|x86.ActiveCfg = Release|Win32
		{C5F2A28D-631C-4626-8CAF-2ED6653897AD}.RelWithDebInfo|x86.Build.0 = Release|Win32
		{33C62223-7936-4376-B14D-FA7BC5E19F17}.Debug|x64.ActiveCfg = Debug|x64
		{33C62223-7936-4376-B14D-FA7BC5E19F17}.Debug|x64.Build.0 = Debug|x64
		{33C62223-7936-4376-B14D-FA7BC5E19F17}.Debug|x86.ActiveCfg = Debug|Win32
		{33C62223-7936-4376-B14D-FA7BC5E19F17}.Debug|x86.Build.0 = Debug|Win32
		{33C62223-7936-4376-B14D-FA7BC5E19F17}.MinSizeRel|x64.ActiveCfg = Release|x64
		{33C62223-7936-4376-B14D-FA7BC5E19F17}.MinSizeRel|x64.Build.0 = Release|x64
		{33C62223-7936-4376-B14D-FA7BC5E19F17}.MinSizeRel|x86.ActiveCfg = Release|Win32
		{33C62223-7936-4376-B14D-FA7BC5E19F17}.MinSizeRel|x86.Build.0 = Release|Win32
		{33C62223-7936-4376-B14D-FA7BC5E19F17}.Release|x64.ActiveCfg = Release|x64
		{33C62223-7936-4376-B14D-FA7BC5E19F17}.Release|x64.Build.0 = Release|x64
		{33C62223-7936-4376-B14D-FA7BC5E19F17}.Release|x86.ActiveCfg = Release|Win32
		{33C62223-7936-4376-B14D-FA7BC5E19F17}.Release|x86.Build.0 = Release|Win32
		{33C62223-7936-4376-B14D-FA7BC5E19F17}.RelWithDebInfo|x64.ActiveCfg = Release|x64
		{33C62223-7936-4376-B14D-FA7BC5E19F17}.RelWithDebInfo|x64.Build.0 = Release|x64
		{33C62223-7936-4376-B14D-FA7BC5E19F17}.RelWithDebInfo|x86.ActiveCfg = Release|Win32
		{33C62223-7936-4376-B14D-FA7BC5E19F17}.RelWithDebInfo|x86.Build.0 = Release|Win32
	EndGlobalSection
	GlobalSection(SolutionProperties) = preSolution
		HideSolutionNode = FALSE
	EndGlobalSection
	GlobalSection(ExtensibilityGlobals) = postSolution
		SolutionGuid = {23DF9C39-2CEA-4EA0-BA5E-FBEB9D1649CF}
	EndGlobalSection
EndGlobal
