<?xml version="1.0" encoding="utf-8"?>
<Project ToolsVersion="4.0" xmlns="http://schemas.microsoft.com/developer/msbuild/2003">
  <ItemGroup>
    <ClCompile Include="src\easyprospect-web\db_layer.cpp">
      <Filter>Source Files</Filter>
    </ClCompile>
    <ClCompile Include="src\easyprospect-web\easyprospect-web.cpp">
      <Filter>Source Files</Filter>
    </ClCompile>
    <ClCompile Include="src\easyprospect-web\request_processor.cpp">
      <Filter>Source Files</Filter>
    </ClCompile>
  </ItemGroup>
  <ItemGroup>
    <ClInclude Include="include\easyprospect-web\db_layer.h">
      <Filter>Header Files</Filter>
    </ClInclude>
    <ClInclude Include="include\easyprospect-web\multithreading.h">
      <Filter>Header Files</Filter>
    </ClInclude>
    <ClInclude Include="include\easyprospect-web\pet_data_types.h">
      <Filter>Header Files</Filter>
    </ClInclude>
    <ClInclude Include="include\easyprospect-web\request_processor.h">
      <Filter>Header Files</Filter>
    </ClInclude>
    <ClInclude Include="include\easyprospect-web\easyprospect-web.h">
      <Filter>Header Files</Filter>
    </ClInclude>
  </ItemGroup>
  <ItemGroup>
    <Filter Include="Source Files">
      <UniqueIdentifier>{42a9cbf1-0ada-4f24-8f39-2e570869817c}</UniqueIdentifier>
    </Filter>
    <Filter Include="Header Files">
      <UniqueIdentifier>{32bb2756-8d57-412d-88a9-11b765aecc8e}</UniqueIdentifier>
    </Filter>
  </ItemGroup>
</Project>