<?xml version="1.0" encoding="utf-8"?>
<Project ToolsVersion="4.0" xmlns="http://schemas.microsoft.com/developer/msbuild/2003">
  <ItemGroup>
    <Filter Include="Header Files">
      <UniqueIdentifier>{ef0886b0-c045-4e02-9d4e-70fae025cf93}</UniqueIdentifier>
    </Filter>
    <Filter Include="Source Files">
      <UniqueIdentifier>{3dde57cc-5427-45b8-a8cb-ee80639319f8}</UniqueIdentifier>
    </Filter>
  </ItemGroup>
  <ItemGroup>
    <ClInclude Include="include\easyprospect-service-shared\easyprospect-service-shared.h">
      <Filter>Header Files</Filter>
    </ClInclude>
    <ClInclude Include="include\easyprospect-service-shared\listener.h">
      <Filter>Header Files</Filter>
    </ClInclude>
    <ClInclude Include="include\easyprospect-service-shared\server.h">
      <Filter>Header Files</Filter>
    </ClInclude>
    <ClInclude Include="include\easyprospect-service-shared\types.hpp">
      <Filter>Header Files</Filter>
    </ClInclude>
    <ClInclude Include="include\easyprospect-service-shared\config.hpp">
      <Filter>Header Files</Filter>
    </ClInclude>
    <ClInclude Include="include\easyprospect-service-shared\service.hpp">
      <Filter>Header Files</Filter>
    </ClInclude>
    <ClInclude Include="include\easyprospect-service-shared\utility.hpp">
      <Filter>Header Files</Filter>
    </ClInclude>
    <ClInclude Include="include\easyprospect-service-shared\session.hpp">
      <Filter>Header Files</Filter>
    </ClInclude>
    <ClInclude Include="include\easyprospect-service-shared\message.hpp">
      <Filter>Header Files</Filter>
    </ClInclude>
    <ClInclude Include="include\easyprospect-service-shared\rpc.hpp">
      <Filter>Header Files</Filter>
    </ClInclude>
    <ClInclude Include="include\easyprospect-service-shared\server_certificate.hpp">
      <Filter>Header Files</Filter>
    </ClInclude>
    <ClInclude Include="include\easyprospect-service-shared\uid.hpp">
      <Filter>Header Files</Filter>
    </ClInclude>
    <ClInclude Include="include\easyprospect-service-shared\user_base.hpp">
      <Filter>Header Files</Filter>
    </ClInclude>
    <ClInclude Include="include\easyprospect-service-shared\externs.h">
      <Filter>Header Files</Filter>
    </ClInclude>
    <ClInclude Include="include\easyprospect-service-shared\easyprospect-http-request.h">
      <Filter>Header Files</Filter>
    </ClInclude>
    <ClInclude Include="include\easyprospect-service-shared\easyprospect-process-cntrl-client.h">
      <Filter>Header Files</Filter>
    </ClInclude>
    <ClInclude Include="include\easyprospect-service-shared\easyprospect-process-cntrl-client-base.h">
      <Filter>Header Files</Filter>
    </ClInclude>
    <ClInclude Include="include\easyprospect-service-shared\easyprospect-process-cntrl-client-linux.h">
      <Filter>Header Files</Filter>
    </ClInclude>
    <ClInclude Include="include\easyprospect-service-shared\easyprospect-process-cntrl-client-win.h">
      <Filter>Header Files</Filter>
    </ClInclude>
  </ItemGroup>
  <ItemGroup>
    <ClCompile Include="src\easyprospect-service-shared\easyprospect-service-shared.cpp">
      <Filter>Source Files</Filter>
    </ClCompile>
    <ClCompile Include="src\easyprospect-service-shared\listener.cpp">
      <Filter>Source Files</Filter>
    </ClCompile>
    <ClCompile Include="src\easyprospect-service-shared\http_session.cpp">
      <Filter>Source Files</Filter>
    </ClCompile>
    <ClCompile Include="src\easyprospect-service-shared\message.cpp">
      <Filter>Source Files</Filter>
    </ClCompile>
    <ClCompile Include="src\easyprospect-service-shared\rpc.cpp">
      <Filter>Source Files</Filter>
    </ClCompile>
    <ClCompile Include="src\easyprospect-service-shared\user_base.cpp">
      <Filter>Source Files</Filter>
    </ClCompile>
    <ClCompile Include="src\easyprospect-service-shared\session.cpp">
      <Filter>Source Files</Filter>
    </ClCompile>
    <ClCompile Include="src\easyprospect-service-shared\easyprospect-http-request.cpp">
      <Filter>Source Files</Filter>
    </ClCompile>
    <ClCompile Include="src\easyprospect-service-shared\http-session-base.cpp">
      <Filter>Source Files</Filter>
    </ClCompile>
    <ClCompile Include="src\easyprospect-service-shared\easyprospect-process-cntrl-client.cpp">
      <Filter>Source Files</Filter>
    </ClCompile>
    <ClCompile Include="src\easyprospect-service-shared\easyprospect-process-cntrl-client-linux.cpp">
      <Filter>Source Files</Filter>
    </ClCompile>
    <ClCompile Include="src\easyprospect-service-shared\easyprospect-process-cntrl-client-win.cpp">
      <Filter>Source Files</Filter>
    </ClCompile>
  </ItemGroup>
</Project>