<?xml version="1.0" encoding="utf-8"?>
<Project ToolsVersion="4.0" xmlns="http://schemas.microsoft.com/developer/msbuild/2003">
  <ItemGroup>
    <Filter Include="Source Files">
      <UniqueIdentifier>{ce75567a-83da-4316-ae6f-421226fcf351}</UniqueIdentifier>
    </Filter>
    <Filter Include="Header Files">
      <UniqueIdentifier>{731f8cf5-d39c-44cb-ae1b-4e7ac432e69b}</UniqueIdentifier>
    </Filter>
  </ItemGroup>
  <ItemGroup>
    <ClCompile Include="src\easyprospect-web-worker\easyprospect-web-worker.cpp">
      <Filter>Source Files</Filter>
    </ClCompile>
    <ClCompile Include="src\easyprospect-web-worker\blackjack.cpp">
      <Filter>Source Files</Filter>
    </ClCompile>
    <ClCompile Include="src\easyprospect-web-worker\channel.cpp">
      <Filter>Source Files</Filter>
    </ClCompile>
    <ClCompile Include="src\easyprospect-web-worker\channel_list.cpp">
      <Filter>Source Files</Filter>
    </ClCompile>
    <ClCompile Include="src\easyprospect-web-worker\server.cpp">
      <Filter>Source Files</Filter>
    </ClCompile>
    <ClCompile Include="src\easyprospect-web-worker\room.cpp">
      <Filter>Source Files</Filter>
    </ClCompile>
    <ClCompile Include="src\easyprospect-web-worker\user.cpp">
      <Filter>Source Files</Filter>
    </ClCompile>
    <ClCompile Include="src\easyprospect-web-worker\ws_user.cpp">
      <Filter>Source Files</Filter>
    </ClCompile>
    <ClCompile Include="src\easyprospect-web-worker\rpc.cpp">
      <Filter>Source Files</Filter>
    </ClCompile>
    <ClCompile Include="src\easyprospect-web-worker\system.cpp">
      <Filter>Source Files</Filter>
    </ClCompile>
    <ClCompile Include="src\easyprospect-web-worker\listener.cpp">
      <Filter>Source Files</Filter>
    </ClCompile>
    <ClCompile Include="src\easyprospect-web-worker\message.cpp">
      <Filter>Source Files</Filter>
    </ClCompile>
    <ClCompile Include="src\easyprospect-web-worker\http_session.cpp">
      <Filter>Source Files</Filter>
    </ClCompile>
    <ClCompile Include="src\easyprospect-web-worker\system_util.cpp">
      <Filter>Source Files</Filter>
    </ClCompile>
  </ItemGroup>
  <ItemGroup>
    <ClInclude Include="include\easyprospect-web-worker\easyprospect-web-worker.h">
      <Filter>Header Files</Filter>
    </ClInclude>
    <ClInclude Include="include\easyprospect-web-worker\channel.hpp">
      <Filter>Header Files</Filter>
    </ClInclude>
    <ClInclude Include="include\easyprospect-web-worker\channel_list.hpp">
      <Filter>Header Files</Filter>
    </ClInclude>
    <ClInclude Include="include\easyprospect-web-worker\server.hpp">
      <Filter>Header Files</Filter>
    </ClInclude>
    <ClInclude Include="include\easyprospect-web-worker\config.hpp">
      <Filter>Header Files</Filter>
    </ClInclude>
    <ClInclude Include="include\easyprospect-web-worker\types.hpp">
      <Filter>Header Files</Filter>
    </ClInclude>
    <ClInclude Include="include\easyprospect-web-worker\rpc.hpp">
      <Filter>Header Files</Filter>
    </ClInclude>
    <ClInclude Include="include\easyprospect-web-worker\uid.hpp">
      <Filter>Header Files</Filter>
    </ClInclude>
    <ClInclude Include="include\easyprospect-web-worker\listener.hpp">
      <Filter>Header Files</Filter>
    </ClInclude>
    <ClInclude Include="include\easyprospect-web-worker\message.hpp">
      <Filter>Header Files</Filter>
    </ClInclude>
    <ClInclude Include="include\easyprospect-web-worker\service.hpp">
      <Filter>Header Files</Filter>
    </ClInclude>
    <ClInclude Include="include\easyprospect-web-worker\utility.hpp">
      <Filter>Header Files</Filter>
    </ClInclude>
    <ClInclude Include="include\easyprospect-web-worker\user.hpp">
      <Filter>Header Files</Filter>
    </ClInclude>
    <ClInclude Include="include\easyprospect-web-worker\session.hpp">
      <Filter>Header Files</Filter>
    </ClInclude>
    <ClInclude Include="include\easyprospect-web-worker\server_certificate.hpp">
      <Filter>Header Files</Filter>
    </ClInclude>
    <ClInclude Include="include\easyprospect-web-worker\system_util.h">
      <Filter>Header Files</Filter>
    </ClInclude>
    <ClInclude Include="include\easyprospect-web-worker\system.hpp">
      <Filter>Header Files</Filter>
    </ClInclude>
    <ClInclude Include="include\easyprospect-web-worker\blackjack.hpp">
      <Filter>Header Files</Filter>
    </ClInclude>
    <ClInclude Include="include\easyprospect-web-worker\room.hpp">
      <Filter>Header Files</Filter>
    </ClInclude>
  </ItemGroup>
</Project>