<?xml version="1.0" encoding="utf-8"?>
<Project ToolsVersion="4.0" xmlns="http://schemas.microsoft.com/developer/msbuild/2003">
  <ItemGroup>
    <ClCompile Include="src\easyprospect-web\http_session.cpp">
      <Filter>Source Files</Filter>
    </ClCompile>
    <ClCompile Include="src\easyprospect-web\listener.cpp">
      <Filter>Source Files</Filter>
    </ClCompile>
    <ClCompile Include="src\easyprospect-web\message.cpp">
      <Filter>Source Files</Filter>
    </ClCompile>
    <ClCompile Include="src\easyprospect-web\rpc.cpp">
      <Filter>Source Files</Filter>
    </ClCompile>
    <ClCompile Include="src\easyprospect-web\server.cpp">
      <Filter>Source Files</Filter>
    </ClCompile>
  </ItemGroup>
  <ItemGroup>
    <Filter Include="Source Files">
      <UniqueIdentifier>{42a9cbf1-0ada-4f24-8f39-2e570869817c}</UniqueIdentifier>
    </Filter>
    <Filter Include="Header Files">
      <UniqueIdentifier>{32bb2756-8d57-412d-88a9-11b765aecc8e}</UniqueIdentifier>
    </Filter>
  </ItemGroup>
  <ItemGroup>
    <ClInclude Include="include\easyprospect-web\config.hpp">
      <Filter>Header Files</Filter>
    </ClInclude>
    <ClInclude Include="include\easyprospect-web\listener.hpp">
      <Filter>Header Files</Filter>
    </ClInclude>
    <ClInclude Include="include\easyprospect-web\message.hpp">
      <Filter>Header Files</Filter>
    </ClInclude>
    <ClInclude Include="include\easyprospect-web\rpc.hpp">
      <Filter>Header Files</Filter>
    </ClInclude>
    <ClInclude Include="include\easyprospect-web\server.hpp">
      <Filter>Header Files</Filter>
    </ClInclude>
    <ClInclude Include="include\easyprospect-web\server_certificate.hpp">
      <Filter>Header Files</Filter>
    </ClInclude>
    <ClInclude Include="include\easyprospect-web\service.hpp">
      <Filter>Header Files</Filter>
    </ClInclude>
    <ClInclude Include="include\easyprospect-web\session.hpp">
      <Filter>Header Files</Filter>
    </ClInclude>
    <ClInclude Include="include\easyprospect-web\types.hpp">
      <Filter>Header Files</Filter>
    </ClInclude>
    <ClInclude Include="include\easyprospect-web\uid.hpp">
      <Filter>Header Files</Filter>
    </ClInclude>
    <ClInclude Include="include\easyprospect-web\utility.hpp">
      <Filter>Header Files</Filter>
    </ClInclude>
    <ClInclude Include="include\easyprospect-web\http_message_util.h">
      <Filter>Header Files</Filter>
    </ClInclude>
  </ItemGroup>
</Project>