<?xml version="1.0" encoding="utf-8"?>
<Project ToolsVersion="4.0" xmlns="http://schemas.microsoft.com/developer/msbuild/2003">
  <ItemGroup>
    <Filter Include="Source Files">
      <UniqueIdentifier>{9c00c8fa-6069-453c-b730-7ed140a2d427}</UniqueIdentifier>
    </Filter>
    <Filter Include="Header Files">
      <UniqueIdentifier>{c7f60b43-7943-45e7-a69d-a0e233efd448}</UniqueIdentifier>
    </Filter>
    <Filter Include="Work Files">
      <UniqueIdentifier>{25ab4860-54c9-4237-a852-0fe690a0f5e5}</UniqueIdentifier>
    </Filter>
  </ItemGroup>
  <ItemGroup>
    <ClCompile Include="src\epworker\epworker.cpp">
      <Filter>Source Files</Filter>
    </ClCompile>
  </ItemGroup>
  <ItemGroup>
    <ClInclude Include="include\epworker\epworker.h">
      <Filter>Header Files</Filter>
    </ClInclude>
  </ItemGroup>
  <ItemGroup>
    <Text Include="data\test01\argsClient01.txt">
      <Filter>Work Files</Filter>
    </Text>
    <Text Include="data\test01\argsClient02.txt">
      <Filter>Work Files</Filter>
    </Text>
  </ItemGroup>
  <ItemGroup>
    <None Include="data\test01\config01.json">
      <Filter>Work Files</Filter>
    </None>
  </ItemGroup>
</Project>