<?xml version="1.0" encoding="utf-8"?>
<Project ToolsVersion="4.0" xmlns="http://schemas.microsoft.com/developer/msbuild/2003">
  <ItemGroup>
    <Filter Include="Header Files">
      <UniqueIdentifier>{40a9ef18-6661-44ca-9289-c928a8abb1ab}</UniqueIdentifier>
    </Filter>
    <Filter Include="Source Files">
      <UniqueIdentifier>{2284dec2-6b7e-46f1-a1a2-de2eb8ec9065}</UniqueIdentifier>
    </Filter>
    <Filter Include="Work Files">
      <UniqueIdentifier>{f4fc8988-935c-470c-ba66-b1a0a6ca9433}</UniqueIdentifier>
    </Filter>
  </ItemGroup>
  <ItemGroup>
    <ClInclude Include="include\epworkercntl\epprocess.h">
      <Filter>Header Files</Filter>
    </ClInclude>
    <ClInclude Include="include\epworkercntl\epprocess-win.h">
      <Filter>Header Files</Filter>
    </ClInclude>
    <ClInclude Include="include\epworkercntl\epprocess-linux.h">
      <Filter>Header Files</Filter>
    </ClInclude>
    <ClInclude Include="include\epworkercntl\epworkercntl.h">
      <Filter>Header Files</Filter>
    </ClInclude>
    <ClInclude Include="includes\epworkercntl\worker-contol-app.h">
      <Filter>Header Files</Filter>
    </ClInclude>
    <ClInclude Include="include\epworkercntl\make-server.h">
      <Filter>Header Files</Filter>
    </ClInclude>
    <ClInclude Include="include\epworkercntl\epprocess-base.h">
      <Filter>Header Files</Filter>
    </ClInclude>
    <ClInclude Include="include\epworkercntl\control-worker.h">
      <Filter>Header Files</Filter>
    </ClInclude>
    <ClInclude Include="include\epworkercntl\epprocess-message.h">
      <Filter>Header Files</Filter>
    </ClInclude>
  </ItemGroup>
  <ItemGroup>
    <ClCompile Include="src\epworkercntl\epworkercntl.cpp">
      <Filter>Source Files</Filter>
    </ClCompile>
    <ClCompile Include="src\epworkercntl\make-server.cpp">
      <Filter>Source Files</Filter>
    </ClCompile>
    <ClCompile Include="src\epworkercntl\worker-control-app.cpp">
      <Filter>Source Files</Filter>
    </ClCompile>
    <ClCompile Include="src\epworkercntl\epprocess-message.cpp">
      <Filter>Source Files</Filter>
    </ClCompile>
    <ClCompile Include="src\epworkercntl\epprocess-win.cpp">
      <Filter>Source Files</Filter>
    </ClCompile>
  </ItemGroup>
  <ItemGroup>
    <Text Include="data\test01\argsWorkCntl01.txt">
      <Filter>Work Files</Filter>
    </Text>
  </ItemGroup>
</Project>