<?xml version="1.0" encoding="utf-8"?>
<Project ToolsVersion="4.0" xmlns="http://schemas.microsoft.com/developer/msbuild/2003">
  <ItemGroup>
    <Filter Include="Source Files">
      <UniqueIdentifier>{733e01db-d7c5-4222-a893-25e3b5c0d774}</UniqueIdentifier>
    </Filter>
    <Filter Include="Header Files">
      <UniqueIdentifier>{f8b631cc-0d3f-427e-b636-140f2af931b4}</UniqueIdentifier>
    </Filter>
    <Filter Include="scripts">
      <UniqueIdentifier>{84f9063c-c32e-40cd-b3e5-e14a2c26caf9}</UniqueIdentifier>
    </Filter>
  </ItemGroup>
  <ItemGroup>
    <ClCompile Include="EPCT_Utils.cpp">
      <Filter>Source Files</Filter>
    </ClCompile>
    <ClCompile Include="EPCT_TestMethodsSimple.cpp">
      <Filter>Source Files</Filter>
    </ClCompile>
    <ClCompile Include="EPCT_gentests.cpp">
      <Filter>Source Files</Filter>
    </ClCompile>
    <ClCompile Include="EPCT_Simple_V8_01.cpp">
      <Filter>Source Files</Filter>
    </ClCompile>
  </ItemGroup>
  <ItemGroup>
    <ClInclude Include="EPCT_Utils.h">
      <Filter>Header Files</Filter>
    </ClInclude>
    <ClInclude Include="EPCT_TestMethodsSimple.h">
      <Filter>Header Files</Filter>
    </ClInclude>
  </ItemGroup>
  <ItemGroup>
    <None Include="..\data\test\dataset0001\TC0001_T0001_Main-Simple-Math_Adds_integers_and_return_a_value.js" />
    <None Include="..\data\test\dataset0001\TC0001_T0002_Main-Simple-Math_Adds_integers_and_return_a_value.js" />
  </ItemGroup>
</Project>